// !$*UTF8*$!
{
	archiveVersion = 1;
	classes = {
	};
	objectVersion = 50;
	objects = {

/* Begin PBXBuildFile section */
		909359FE22C44EEA00FF6C2F /* AppDelegate.swift in Sources */ = {isa = PBXBuildFile; fileRef = 909359FD22C44EEA00FF6C2F /* AppDelegate.swift */; };
		90935A0022C44EEA00FF6C2F /* ViewController.swift in Sources */ = {isa = PBXBuildFile; fileRef = 909359FF22C44EEA00FF6C2F /* ViewController.swift */; };
		90935A0322C44EEA00FF6C2F /* Main.storyboard in Resources */ = {isa = PBXBuildFile; fileRef = 90935A0122C44EEA00FF6C2F /* Main.storyboard */; };
		90935A0522C44EEC00FF6C2F /* Assets.xcassets in Resources */ = {isa = PBXBuildFile; fileRef = 90935A0422C44EEC00FF6C2F /* Assets.xcassets */; };
		90935A0822C44EEC00FF6C2F /* LaunchScreen.storyboard in Resources */ = {isa = PBXBuildFile; fileRef = 90935A0622C44EEC00FF6C2F /* LaunchScreen.storyboard */; };
		90935A1022C451BC00FF6C2F /* CustomView.swift in Sources */ = {isa = PBXBuildFile; fileRef = 90935A0F22C451BC00FF6C2F /* CustomView.swift */; };
/* End PBXBuildFile section */

/* Begin PBXFileReference section */
		909359FA22C44EEA00FF6C2F /* WeakAndStrong.app */ = {isa = PBXFileReference; explicitFileType = wrapper.application; includeInIndex = 0; path = WeakAndStrong.app; sourceTree = BUILT_PRODUCTS_DIR; };
		909359FD22C44EEA00FF6C2F /* AppDelegate.swift */ = {isa = PBXFileReference; lastKnownFileType = sourcecode.swift; path = AppDelegate.swift; sourceTree = "<group>"; };
		909359FF22C44EEA00FF6C2F /* ViewController.swift */ = {isa = PBXFileReference; lastKnownFileType = sourcecode.swift; path = ViewController.swift; sourceTree = "<group>"; };
		90935A0222C44EEA00FF6C2F /* Base */ = {isa = PBXFileReference; lastKnownFileType = file.storyboard; name = Base; path = Base.lproj/Main.storyboard; sourceTree = "<group>"; };
		90935A0422C44EEC00FF6C2F /* Assets.xcassets */ = {isa = PBXFileReference; lastKnownFileType = folder.assetcatalog; path = Assets.xcassets; sourceTree = "<group>"; };
		90935A0722C44EEC00FF6C2F /* Base */ = {isa = PBXFileReference; lastKnownFileType = file.storyboard; name = Base; path = Base.lproj/LaunchScreen.storyboard; sourceTree = "<group>"; };
		90935A0922C44EEC00FF6C2F /* Info.plist */ = {isa = PBXFileReference; lastKnownFileType = text.plist.xml; path = Info.plist; sourceTree = "<group>"; };
		90935A0F22C451BC00FF6C2F /* CustomView.swift */ = {isa = PBXFileReference; lastKnownFileType = sourcecode.swift; path = CustomView.swift; sourceTree = "<group>"; };
/* End PBXFileReference section */

/* Begin PBXFrameworksBuildPhase section */
		909359F722C44EEA00FF6C2F /* Frameworks */ = {
			isa = PBXFrameworksBuildPhase;
			buildActionMask = 2147483647;
			files = (
			);
			runOnlyForDeploymentPostprocessing = 0;
		};
/* End PBXFrameworksBuildPhase section */

/* Begin PBXGroup section */
		909359F122C44EEA00FF6C2F = {
			isa = PBXGroup;
			children = (
				909359FC22C44EEA00FF6C2F /* WeakAndStrong */,
				909359FB22C44EEA00FF6C2F /* Products */,
			);
			sourceTree = "<group>";
		};
		909359FB22C44EEA00FF6C2F /* Products */ = {
			isa = PBXGroup;
			children = (
				909359FA22C44EEA00FF6C2F /* WeakAndStrong.app */,
			);
			name = Products;
			sourceTree = "<group>";
		};
		909359FC22C44EEA00FF6C2F /* WeakAndStrong */ = {
			isa = PBXGroup;
			children = (
				909359FD22C44EEA00FF6C2F /* AppDelegate.swift */,
				909359FF22C44EEA00FF6C2F /* ViewController.swift */,
				90935A0122C44EEA00FF6C2F /* Main.storyboard */,
				90935A0422C44EEC00FF6C2F /* Assets.xcassets */,
				90935A0622C44EEC00FF6C2F /* LaunchScreen.storyboard */,
				90935A0922C44EEC00FF6C2F /* Info.plist */,
				90935A0F22C451BC00FF6C2F /* CustomView.swift */,
			);
			path = WeakAndStrong;
			sourceTree = "<group>";
		};
/* End PBXGroup section */

/* Begin PBXNativeTarget section */
		909359F922C44EEA00FF6C2F /* WeakAndStrong */ = {
			isa = PBXNativeTarget;
			buildConfigurationList = 90935A0C22C44EEC00FF6C2F /* Build configuration list for PBXNativeTarget "WeakAndStrong" */;
			buildPhases = (
				909359F622C44EEA00FF6C2F /* Sources */,
				909359F722C44EEA00FF6C2F /* Frameworks */,
				909359F822C44EEA00FF6C2F /* Resources */,
			);
			buildRules = (
			);
			dependencies = (
			);
			name = WeakAndStrong;
			productName = WeakAndStrong;
			productReference = 909359FA22C44EEA00FF6C2F /* WeakAndStrong.app */;
			productType = "com.apple.product-type.application";
		};
/* End PBXNativeTarget section */

/* Begin PBXProject section */
		909359F222C44EEA00FF6C2F /* Project object */ = {
			isa = PBXProject;
			attributes = {
				LastSwiftUpdateCheck = 1020;
				LastUpgradeCheck = 1020;
				ORGANIZATIONNAME = swuad_11;
				TargetAttributes = {
					909359F922C44EEA00FF6C2F = {
						CreatedOnToolsVersion = 10.2.1;
					};
				};
			};
			buildConfigurationList = 909359F522C44EEA00FF6C2F /* Build configuration list for PBXProject "WeakAndStrong" */;
			compatibilityVersion = "Xcode 9.3";
			developmentRegion = en;
			hasScannedForEncodings = 0;
			knownRegions = (
				en,
				Base,
			);
			mainGroup = 909359F122C44EEA00FF6C2F;
			productRefGroup = 909359FB22C44EEA00FF6C2F /* Products */;
			projectDirPath = "";
			projectRoot = "";
			targets = (
				909359F922C44EEA00FF6C2F /* WeakAndStrong */,
			);
		};
/* End PBXProject section */

/* Begin PBXResourcesBuildPhase section */
		909359F822C44EEA00FF6C2F /* Resources */ = {
			isa = PBXResourcesBuildPhase;
			buildActionMask = 2147483647;
			files = (
				90935A0822C44EEC00FF6C2F /* LaunchScreen.storyboard in Resources */,
				90935A0522C44EEC00FF6C2F /* Assets.xcassets in Resources */,
				90935A0322C44EEA00FF6C2F /* Main.storyboard in Resources */,
			);
			runOnlyForDeploymentPostprocessing = 0;
		};
/* End PBXResourcesBuildPhase section */

/* Begin PBXSourcesBuildPhase section */
		909359F622C44EEA00FF6C2F /* Sources */ = {
			isa = PBXSourcesBuildPhase;
			buildActionMask = 2147483647;
			files = (
				90935A1022C451BC00FF6C2F /* CustomView.swift in Sources */,
				90935A0022C44EEA00FF6C2F /* ViewController.swift in Sources */,
				909359FE22C44EEA00FF6C2F /* AppDelegate.swift in Sources */,
			);
			runOnlyForDeploymentPostprocessing = 0;
		};
/* End PBXSourcesBuildPhase section */

/* Begin PBXVariantGroup section */
		90935A0122C44EEA00FF6C2F /* Main.storyboard */ = {
			isa = PBXVariantGroup;
			children = (
				90935A0222C44EEA00FF6C2F /* Base */,
			);
			name = Main.storyboard;
			sourceTree = "<group>";
		};
		90935A0622C44EEC00FF6C2F /* LaunchScreen.storyboard */ = {
			isa = PBXVariantGroup;
			children = (
				90935A0722C44EEC00FF6C2F /* Base */,
			);
			name = LaunchScreen.storyboard;
			sourceTree = "<group>";
		};
/* End PBXVariantGroup section */

/* Begin XCBuildConfiguration section */
		90935A0A22C44EEC00FF6C2F /* Debug */ = {
			isa = XCBuildConfiguration;
			buildSettings = {
				ALWAYS_SEARCH_USER_PATHS = NO;
				CLANG_ANALYZER_NONNULL = YES;
				CLANG_ANALYZER_NUMBER_OBJECT_CONVERSION = YES_AGGRESSIVE;
				CLANG_CXX_LANGUAGE_STANDARD = "gnu++14";
				CLANG_CXX_LIBRARY = "libc++";
				CLANG_ENABLE_MODULES = YES;
				CLANG_ENABLE_OBJC_ARC = YES;
				CLANG_ENABLE_OBJC_WEAK = YES;
				CLANG_WARN_BLOCK_CAPTURE_AUTORELEASING = YES;
				CLANG_WARN_BOOL_CONVERSION = YES;
				CLANG_WARN_COMMA = YES;
				CLANG_WARN_CONSTANT_CONVERSION = YES;
				CLANG_WARN_DEPRECATED_OBJC_IMPLEMENTATIONS = YES;
				CLANG_WARN_DIRECT_OBJC_ISA_USAGE = YES_ERROR;
				CLANG_WARN_DOCUMENTATION_COMMENTS = YES;
				CLANG_WARN_EMPTY_BODY = YES;
				CLANG_WARN_ENUM_CONVERSION = YES;
				CLANG_WARN_INFINITE_RECURSION = YES;
				CLANG_WARN_INT_CONVERSION = YES;
				CLANG_WARN_NON_LITERAL_NULL_CONVERSION = YES;
				CLANG_WARN_OBJC_IMPLICIT_RETAIN_SELF = YES;
				CLANG_WARN_OBJC_LITERAL_CONVERSION = YES;
				CLANG_WARN_OBJC_ROOT_CLASS = YES_ERROR;
				CLANG_WARN_RANGE_LOOP_ANALYSIS = YES;
				CLANG_WARN_STRICT_PROTOTYPES = YES;
				CLANG_WARN_SUSPICIOUS_MOVE = YES;
				CLANG_WARN_UNGUARDED_AVAILABILITY = YES_AGGRESSIVE;
				CLANG_WARN_UNREACHABLE_CODE = YES;
				CLANG_WARN__DUPLICATE_METHOD_MATCH = YES;
				CODE_SIGN_IDENTITY = "iPhone Developer";
				COPY_PHASE_STRIP = NO;
				DEBUG_INFORMATION_FORMAT = dwarf;
				ENABLE_STRICT_OBJC_MSGSEND = YES;
				ENABLE_TESTABILITY = YES;
				GCC_C_LANGUAGE_STANDARD = gnu11;
				GCC_DYNAMIC_NO_PIC = NO;
				GCC_NO_COMMON_BLOCKS = YES;
				GCC_OPTIMIZATION_LEVEL = 0;
				GCC_PREPROCESSOR_DEFINITIONS = (
					"DEBUG=1",
					"$(inherited)",
				);
				GCC_WARN_64_TO_32_BIT_CONVERSION = YES;
				GCC_WARN_ABOUT_RETURN_TYPE = YES_ERROR;
				GCC_WARN_UNDECLARED_SELECTOR = YES;
				GCC_WARN_UNINITIALIZED_AUTOS = YES_AGGRESSIVE;
				GCC_WARN_UNUSED_FUNCTION = YES;
				GCC_WARN_UNUSED_VARIABLE = YES;
				IPHONEOS_DEPLOYMENT_TARGET = 12.2;
				MTL_ENABLE_DEBUG_INFO = INCLUDE_SOURCE;
				MTL_FAST_MATH = YES;
				ONLY_ACTIVE_ARCH = YES;
				SDKROOT = iphoneos;
				SWIFT_ACTIVE_COMPILATION_CONDITIONS = DEBUG;
				SWIFT_OPTIMIZATION_LEVEL = "-Onone";
			};
			name = Debug;
		};
		90935A0B22C44EEC00FF6C2F /* Release */ = {
			isa = XCBuildConfiguration;
			buildSettings = {
				ALWAYS_SEARCH_USER_PATHS = NO;
				CLANG_ANALYZER_NONNULL = YES;
				CLANG_ANALYZER_NUMBER_OBJECT_CONVERSION = YES_AGGRESSIVE;
				CLANG_CXX_LANGUAGE_STANDARD = "gnu++14";
				CLANG_CXX_LIBRARY = "libc++";
				CLANG_ENABLE_MODULES = YES;
				CLANG_ENABLE_OBJC_ARC = YES;
				CLANG_ENABLE_OBJC_WEAK = YES;
				CLANG_WARN_BLOCK_CAPTURE_AUTORELEASING = YES;
				CLANG_WARN_BOOL_CONVERSION = YES;
				CLANG_WARN_COMMA = YES;
				CLANG_WARN_CONSTANT_CONVERSION = YES;
				CLANG_WARN_DEPRECATED_OBJC_IMPLEMENTATIONS = YES;
				CLANG_WARN_DIRECT_OBJC_ISA_USAGE = YES_ERROR;
				CLANG_WARN_DOCUMENTATION_COMMENTS = YES;
				CLANG_WARN_EMPTY_BODY = YES;
				CLANG_WARN_ENUM_CONVERSION = YES;
				CLANG_WARN_INFINITE_RECURSION = YES;
				CLANG_WARN_INT_CONVERSION = YES;
				CLANG_WARN_NON_LITERAL_NULL_CONVERSION = YES;
				CLANG_WARN_OBJC_IMPLICIT_RETAIN_SELF = YES;
				CLANG_WARN_OBJC_LITERAL_CONVERSION = YES;
				CLANG_WARN_OBJC_ROOT_CLASS = YES_ERROR;
				CLANG_WARN_RANGE_LOOP_ANALYSIS = YES;
				CLANG_WARN_STRICT_PROTOTYPES = YES;
				CLANG_WARN_SUSPICIOUS_MOVE = YES;
				CLANG_WARN_UNGUARDED_AVAILABILITY = YES_AGGRESSIVE;
				CLANG_WARN_UNREACHABLE_CODE = YES;
				CLANG_WARN__DUPLICATE_METHOD_MATCH = YES;
				CODE_SIGN_IDENTITY = "iPhone Developer";
				COPY_PHASE_STRIP = NO;
				DEBUG_INFORMATION_FORMAT = "dwarf-with-dsym";
				ENABLE_NS_ASSERTIONS = NO;
				ENABLE_STRICT_OBJC_MSGSEND = YES;
				GCC_C_LANGUAGE_STANDARD = gnu11;
				GCC_NO_COMMON_BLOCKS = YES;
				GCC_WARN_64_TO_32_BIT_CONVERSION = YES;
				GCC_WARN_ABOUT_RETURN_TYPE = YES_ERROR;
				GCC_WARN_UNDECLARED_SELECTOR = YES;
				GCC_WARN_UNINITIALIZED_AUTOS = YES_AGGRESSIVE;
				GCC_WARN_UNUSED_FUNCTION = YES;
				GCC_WARN_UNUSED_VARIABLE = YES;
				IPHONEOS_DEPLOYMENT_TARGET = 12.2;
				MTL_ENABLE_DEBUG_INFO = NO;
				MTL_FAST_MATH = YES;
				SDKROOT = iphoneos;
				SWIFT_COMPILATION_MODE = wholemodule;
				SWIFT_OPTIMIZATION_LEVEL = "-O";
				VALIDATE_PRODUCT = YES;
			};
			name = Release;
		};
		90935A0D22C44EEC00FF6C2F /* Debug */ = {
			isa = XCBuildConfiguration;
			buildSettings = {
				ASSETCATALOG_COMPILER_APPICON_NAME = AppIcon;
				CODE_SIGN_STYLE = Automatic;
				INFOPLIST_FILE = WeakAndStrong/Info.plist;
				LD_RUNPATH_SEARCH_PATHS = (
					"$(inherited)",
					"@executable_path/Frameworks",
				);
				PRODUCT_BUNDLE_IDENTIFIER = kr.ac.swu.WeakAndStrong;
				PRODUCT_NAME = "$(TARGET_NAME)";
				SWIFT_VERSION = 5.0;
				TARGETED_DEVICE_FAMILY = "1,2";
			};
			name = Debug;
		};
		90935A0E22C44EEC00FF6C2F /* Release */ = {
			isa = XCBuildConfiguration;
			buildSettings = {
				ASSETCATALOG_COMPILER_APPICON_NAME = AppIcon;
				CODE_SIGN_STYLE = Automatic;
				INFOPLIST_FILE = WeakAndStrong/Info.plist;
				LD_RUNPATH_SEARCH_PATHS = (
					"$(inherited)",
					"@executable_path/Frameworks",
				);
				PRODUCT_BUNDLE_IDENTIFIER = kr.ac.swu.WeakAndStrong;
				PRODUCT_NAME = "$(TARGET_NAME)";
				SWIFT_VERSION = 5.0;
				TARGETED_DEVICE_FAMILY = "1,2";
			};
			name = Release;
		};
/* End XCBuildConfiguration section */

/* Begin XCConfigurationList section */
		909359F522C44EEA00FF6C2F /* Build configuration list for PBXProject "WeakAndStrong" */ = {
			isa = XCConfigurationList;
			buildConfigurations = (
				90935A0A22C44EEC00FF6C2F /* Debug */,
				90935A0B22C44EEC00FF6C2F /* Release */,
			);
			defaultConfigurationIsVisible = 0;
			defaultConfigurationName = Release;
		};
		90935A0C22C44EEC00FF6C2F /* Build configuration list for PBXNativeTarget "WeakAndStrong" */ = {
			isa = XCConfigurationList;
			buildConfigurations = (
				90935A0D22C44EEC00FF6C2F /* Debug */,
				90935A0E22C44EEC00FF6C2F /* Release */,
			);
			defaultConfigurationIsVisible = 0;
			defaultConfigurationName = Release;
		};
/* End XCConfigurationList section */
	};
	rootObject = 909359F222C44EEA00FF6C2F /* Project object */;
}
