// !$*UTF8*$!
{
	archiveVersion = 1;
	classes = {
	};
	objectVersion = 50;
	objects = {

/* Begin PBXBuildFile section */
		484954B5A16A870BEAB77495 /* Pods_FirebaseDBBasic.framework in Frameworks */ = {isa = PBXBuildFile; fileRef = 939E5599EBFB7CBAC6D73D2A /* Pods_FirebaseDBBasic.framework */; };
		9094986122CD971C009D866A /* AppDelegate.swift in Sources */ = {isa = PBXBuildFile; fileRef = 9094986022CD971C009D866A /* AppDelegate.swift */; };
		9094986322CD971C009D866A /* ViewController.swift in Sources */ = {isa = PBXBuildFile; fileRef = 9094986222CD971C009D866A /* ViewController.swift */; };
		9094986622CD971C009D866A /* Main.storyboard in Resources */ = {isa = PBXBuildFile; fileRef = 9094986422CD971C009D866A /* Main.storyboard */; };
		9094986822CD971C009D866A /* Assets.xcassets in Resources */ = {isa = PBXBuildFile; fileRef = 9094986722CD971C009D866A /* Assets.xcassets */; };
		9094986B22CD971C009D866A /* LaunchScreen.storyboard in Resources */ = {isa = PBXBuildFile; fileRef = 9094986922CD971C009D866A /* LaunchScreen.storyboard */; };
		9094987522CD9B30009D866A /* GoogleService-Info.plist in Resources */ = {isa = PBXBuildFile; fileRef = 9094987422CD9B30009D866A /* GoogleService-Info.plist */; };
		9094987922CDC26D009D866A /* AddBookViewController.swift in Sources */ = {isa = PBXBuildFile; fileRef = 9094987822CDC26D009D866A /* AddBookViewController.swift */; };
		9094987B22CDC299009D866A /* BookCell.swift in Sources */ = {isa = PBXBuildFile; fileRef = 9094987A22CDC299009D866A /* BookCell.swift */; };
/* End PBXBuildFile section */

/* Begin PBXFileReference section */
		3BB662DFAE8DC26ACD0327C8 /* Pods-FirebaseDBBasic.release.xcconfig */ = {isa = PBXFileReference; includeInIndex = 1; lastKnownFileType = text.xcconfig; name = "Pods-FirebaseDBBasic.release.xcconfig"; path = "Pods/Target Support Files/Pods-FirebaseDBBasic/Pods-FirebaseDBBasic.release.xcconfig"; sourceTree = "<group>"; };
		4941969C3FF1D93B0DFACDEA /* Pods-FirebaseDBBasic.debug.xcconfig */ = {isa = PBXFileReference; includeInIndex = 1; lastKnownFileType = text.xcconfig; name = "Pods-FirebaseDBBasic.debug.xcconfig"; path = "Pods/Target Support Files/Pods-FirebaseDBBasic/Pods-FirebaseDBBasic.debug.xcconfig"; sourceTree = "<group>"; };
		9094985D22CD971C009D866A /* FirebaseDBBasic.app */ = {isa = PBXFileReference; explicitFileType = wrapper.application; includeInIndex = 0; path = FirebaseDBBasic.app; sourceTree = BUILT_PRODUCTS_DIR; };
		9094986022CD971C009D866A /* AppDelegate.swift */ = {isa = PBXFileReference; lastKnownFileType = sourcecode.swift; path = AppDelegate.swift; sourceTree = "<group>"; };
		9094986222CD971C009D866A /* ViewController.swift */ = {isa = PBXFileReference; lastKnownFileType = sourcecode.swift; path = ViewController.swift; sourceTree = "<group>"; };
		9094986522CD971C009D866A /* Base */ = {isa = PBXFileReference; lastKnownFileType = file.storyboard; name = Base; path = Base.lproj/Main.storyboard; sourceTree = "<group>"; };
		9094986722CD971C009D866A /* Assets.xcassets */ = {isa = PBXFileReference; lastKnownFileType = folder.assetcatalog; path = Assets.xcassets; sourceTree = "<group>"; };
		9094986A22CD971C009D866A /* Base */ = {isa = PBXFileReference; lastKnownFileType = file.storyboard; name = Base; path = Base.lproj/LaunchScreen.storyboard; sourceTree = "<group>"; };
		9094986C22CD971C009D866A /* Info.plist */ = {isa = PBXFileReference; lastKnownFileType = text.plist.xml; path = Info.plist; sourceTree = "<group>"; };
		9094987422CD9B30009D866A /* GoogleService-Info.plist */ = {isa = PBXFileReference; fileEncoding = 4; lastKnownFileType = text.plist.xml; path = "GoogleService-Info.plist"; sourceTree = "<group>"; };
		9094987822CDC26D009D866A /* AddBookViewController.swift */ = {isa = PBXFileReference; lastKnownFileType = sourcecode.swift; path = AddBookViewController.swift; sourceTree = "<group>"; };
		9094987A22CDC299009D866A /* BookCell.swift */ = {isa = PBXFileReference; lastKnownFileType = sourcecode.swift; path = BookCell.swift; sourceTree = "<group>"; };
		939E5599EBFB7CBAC6D73D2A /* Pods_FirebaseDBBasic.framework */ = {isa = PBXFileReference; explicitFileType = wrapper.framework; includeInIndex = 0; path = Pods_FirebaseDBBasic.framework; sourceTree = BUILT_PRODUCTS_DIR; };
/* End PBXFileReference section */

/* Begin PBXFrameworksBuildPhase section */
		9094985A22CD971C009D866A /* Frameworks */ = {
			isa = PBXFrameworksBuildPhase;
			buildActionMask = 2147483647;
			files = (
				484954B5A16A870BEAB77495 /* Pods_FirebaseDBBasic.framework in Frameworks */,
			);
			runOnlyForDeploymentPostprocessing = 0;
		};
/* End PBXFrameworksBuildPhase section */

/* Begin PBXGroup section */
		4025E121406EB693730F8F17 /* Frameworks */ = {
			isa = PBXGroup;
			children = (
				939E5599EBFB7CBAC6D73D2A /* Pods_FirebaseDBBasic.framework */,
			);
			name = Frameworks;
			sourceTree = "<group>";
		};
		9094985422CD971C009D866A = {
			isa = PBXGroup;
			children = (
				9094985F22CD971C009D866A /* FirebaseDBBasic */,
				9094985E22CD971C009D866A /* Products */,
				B73CDDA7F79A77DEA4B09E54 /* Pods */,
				4025E121406EB693730F8F17 /* Frameworks */,
			);
			sourceTree = "<group>";
		};
		9094985E22CD971C009D866A /* Products */ = {
			isa = PBXGroup;
			children = (
				9094985D22CD971C009D866A /* FirebaseDBBasic.app */,
			);
			name = Products;
			sourceTree = "<group>";
		};
		9094985F22CD971C009D866A /* FirebaseDBBasic */ = {
			isa = PBXGroup;
			children = (
				9094987422CD9B30009D866A /* GoogleService-Info.plist */,
				9094986022CD971C009D866A /* AppDelegate.swift */,
				9094986222CD971C009D866A /* ViewController.swift */,
				9094986422CD971C009D866A /* Main.storyboard */,
				9094986722CD971C009D866A /* Assets.xcassets */,
				9094986922CD971C009D866A /* LaunchScreen.storyboard */,
				9094986C22CD971C009D866A /* Info.plist */,
				9094987822CDC26D009D866A /* AddBookViewController.swift */,
				9094987A22CDC299009D866A /* BookCell.swift */,
			);
			path = FirebaseDBBasic;
			sourceTree = "<group>";
		};
		B73CDDA7F79A77DEA4B09E54 /* Pods */ = {
			isa = PBXGroup;
			children = (
				4941969C3FF1D93B0DFACDEA /* Pods-FirebaseDBBasic.debug.xcconfig */,
				3BB662DFAE8DC26ACD0327C8 /* Pods-FirebaseDBBasic.release.xcconfig */,
			);
			name = Pods;
			sourceTree = "<group>";
		};
/* End PBXGroup section */

/* Begin PBXNativeTarget section */
		9094985C22CD971C009D866A /* FirebaseDBBasic */ = {
			isa = PBXNativeTarget;
			buildConfigurationList = 9094986F22CD971C009D866A /* Build configuration list for PBXNativeTarget "FirebaseDBBasic" */;
			buildPhases = (
				154BC825B65998CFF4976FB4 /* [CP] Check Pods Manifest.lock */,
				9094985922CD971C009D866A /* Sources */,
				9094985A22CD971C009D866A /* Frameworks */,
				9094985B22CD971C009D866A /* Resources */,
				E0DD6A6EA74AB87D0B3713AE /* [CP] Embed Pods Frameworks */,
			);
			buildRules = (
			);
			dependencies = (
			);
			name = FirebaseDBBasic;
			productName = FirebaseDBBasic;
			productReference = 9094985D22CD971C009D866A /* FirebaseDBBasic.app */;
			productType = "com.apple.product-type.application";
		};
/* End PBXNativeTarget section */

/* Begin PBXProject section */
		9094985522CD971C009D866A /* Project object */ = {
			isa = PBXProject;
			attributes = {
				LastSwiftUpdateCheck = 1020;
				LastUpgradeCheck = 1020;
				ORGANIZATIONNAME = swuad_11;
				TargetAttributes = {
					9094985C22CD971C009D866A = {
						CreatedOnToolsVersion = 10.2.1;
					};
				};
			};
			buildConfigurationList = 9094985822CD971C009D866A /* Build configuration list for PBXProject "FirebaseDBBasic" */;
			compatibilityVersion = "Xcode 9.3";
			developmentRegion = en;
			hasScannedForEncodings = 0;
			knownRegions = (
				en,
				Base,
			);
			mainGroup = 9094985422CD971C009D866A;
			productRefGroup = 9094985E22CD971C009D866A /* Products */;
			projectDirPath = "";
			projectRoot = "";
			targets = (
				9094985C22CD971C009D866A /* FirebaseDBBasic */,
			);
		};
/* End PBXProject section */

/* Begin PBXResourcesBuildPhase section */
		9094985B22CD971C009D866A /* Resources */ = {
			isa = PBXResourcesBuildPhase;
			buildActionMask = 2147483647;
			files = (
				9094986B22CD971C009D866A /* LaunchScreen.storyboard in Resources */,
				9094987522CD9B30009D866A /* GoogleService-Info.plist in Resources */,
				9094986822CD971C009D866A /* Assets.xcassets in Resources */,
				9094986622CD971C009D866A /* Main.storyboard in Resources */,
			);
			runOnlyForDeploymentPostprocessing = 0;
		};
/* End PBXResourcesBuildPhase section */

/* Begin PBXShellScriptBuildPhase section */
		154BC825B65998CFF4976FB4 /* [CP] Check Pods Manifest.lock */ = {
			isa = PBXShellScriptBuildPhase;
			buildActionMask = 2147483647;
			files = (
			);
			inputFileListPaths = (
			);
			inputPaths = (
				"${PODS_PODFILE_DIR_PATH}/Podfile.lock",
				"${PODS_ROOT}/Manifest.lock",
			);
			name = "[CP] Check Pods Manifest.lock";
			outputFileListPaths = (
			);
			outputPaths = (
				"$(DERIVED_FILE_DIR)/Pods-FirebaseDBBasic-checkManifestLockResult.txt",
			);
			runOnlyForDeploymentPostprocessing = 0;
			shellPath = /bin/sh;
			shellScript = "diff \"${PODS_PODFILE_DIR_PATH}/Podfile.lock\" \"${PODS_ROOT}/Manifest.lock\" > /dev/null\nif [ $? != 0 ] ; then\n    # print error to STDERR\n    echo \"error: The sandbox is not in sync with the Podfile.lock. Run 'pod install' or update your CocoaPods installation.\" >&2\n    exit 1\nfi\n# This output is used by Xcode 'outputs' to avoid re-running this script phase.\necho \"SUCCESS\" > \"${SCRIPT_OUTPUT_FILE_0}\"\n";
			showEnvVarsInLog = 0;
		};
		E0DD6A6EA74AB87D0B3713AE /* [CP] Embed Pods Frameworks */ = {
			isa = PBXShellScriptBuildPhase;
			buildActionMask = 2147483647;
			files = (
			);
			inputFileListPaths = (
			);
			inputPaths = (
				"${SRCROOT}/Pods/Target Support Files/Pods-FirebaseDBBasic/Pods-FirebaseDBBasic-frameworks.sh",
				"${BUILT_PRODUCTS_DIR}/GoogleUtilities/GoogleUtilities.framework",
				"${BUILT_PRODUCTS_DIR}/leveldb-library/leveldb.framework",
				"${BUILT_PRODUCTS_DIR}/nanopb/nanopb.framework",
			);
			name = "[CP] Embed Pods Frameworks";
			outputFileListPaths = (
			);
			outputPaths = (
				"${TARGET_BUILD_DIR}/${FRAMEWORKS_FOLDER_PATH}/GoogleUtilities.framework",
				"${TARGET_BUILD_DIR}/${FRAMEWORKS_FOLDER_PATH}/leveldb.framework",
				"${TARGET_BUILD_DIR}/${FRAMEWORKS_FOLDER_PATH}/nanopb.framework",
			);
			runOnlyForDeploymentPostprocessing = 0;
			shellPath = /bin/sh;
			shellScript = "\"${SRCROOT}/Pods/Target Support Files/Pods-FirebaseDBBasic/Pods-FirebaseDBBasic-frameworks.sh\"\n";
			showEnvVarsInLog = 0;
		};
/* End PBXShellScriptBuildPhase section */

/* Begin PBXSourcesBuildPhase section */
		9094985922CD971C009D866A /* Sources */ = {
			isa = PBXSourcesBuildPhase;
			buildActionMask = 2147483647;
			files = (
				9094987B22CDC299009D866A /* BookCell.swift in Sources */,
				9094986322CD971C009D866A /* ViewController.swift in Sources */,
				9094987922CDC26D009D866A /* AddBookViewController.swift in Sources */,
				9094986122CD971C009D866A /* AppDelegate.swift in Sources */,
			);
			runOnlyForDeploymentPostprocessing = 0;
		};
/* End PBXSourcesBuildPhase section */

/* Begin PBXVariantGroup section */
		9094986422CD971C009D866A /* Main.storyboard */ = {
			isa = PBXVariantGroup;
			children = (
				9094986522CD971C009D866A /* Base */,
			);
			name = Main.storyboard;
			sourceTree = "<group>";
		};
		9094986922CD971C009D866A /* LaunchScreen.storyboard */ = {
			isa = PBXVariantGroup;
			children = (
				9094986A22CD971C009D866A /* Base */,
			);
			name = LaunchScreen.storyboard;
			sourceTree = "<group>";
		};
/* End PBXVariantGroup section */

/* Begin XCBuildConfiguration section */
		9094986D22CD971C009D866A /* Debug */ = {
			isa = XCBuildConfiguration;
			buildSettings = {
				ALWAYS_SEARCH_USER_PATHS = NO;
				CLANG_ANALYZER_NONNULL = YES;
				CLANG_ANALYZER_NUMBER_OBJECT_CONVERSION = YES_AGGRESSIVE;
				CLANG_CXX_LANGUAGE_STANDARD = "gnu++14";
				CLANG_CXX_LIBRARY = "libc++";
				CLANG_ENABLE_MODULES = YES;
				CLANG_ENABLE_OBJC_ARC = YES;
				CLANG_ENABLE_OBJC_WEAK = YES;
				CLANG_WARN_BLOCK_CAPTURE_AUTORELEASING = YES;
				CLANG_WARN_BOOL_CONVERSION = YES;
				CLANG_WARN_COMMA = YES;
				CLANG_WARN_CONSTANT_CONVERSION = YES;
				CLANG_WARN_DEPRECATED_OBJC_IMPLEMENTATIONS = YES;
				CLANG_WARN_DIRECT_OBJC_ISA_USAGE = YES_ERROR;
				CLANG_WARN_DOCUMENTATION_COMMENTS = YES;
				CLANG_WARN_EMPTY_BODY = YES;
				CLANG_WARN_ENUM_CONVERSION = YES;
				CLANG_WARN_INFINITE_RECURSION = YES;
				CLANG_WARN_INT_CONVERSION = YES;
				CLANG_WARN_NON_LITERAL_NULL_CONVERSION = YES;
				CLANG_WARN_OBJC_IMPLICIT_RETAIN_SELF = YES;
				CLANG_WARN_OBJC_LITERAL_CONVERSION = YES;
				CLANG_WARN_OBJC_ROOT_CLASS = YES_ERROR;
				CLANG_WARN_RANGE_LOOP_ANALYSIS = YES;
				CLANG_WARN_STRICT_PROTOTYPES = YES;
				CLANG_WARN_SUSPICIOUS_MOVE = YES;
				CLANG_WARN_UNGUARDED_AVAILABILITY = YES_AGGRESSIVE;
				CLANG_WARN_UNREACHABLE_CODE = YES;
				CLANG_WARN__DUPLICATE_METHOD_MATCH = YES;
				CODE_SIGN_IDENTITY = "iPhone Developer";
				COPY_PHASE_STRIP = NO;
				DEBUG_INFORMATION_FORMAT = dwarf;
				ENABLE_STRICT_OBJC_MSGSEND = YES;
				ENABLE_TESTABILITY = YES;
				GCC_C_LANGUAGE_STANDARD = gnu11;
				GCC_DYNAMIC_NO_PIC = NO;
				GCC_NO_COMMON_BLOCKS = YES;
				GCC_OPTIMIZATION_LEVEL = 0;
				GCC_PREPROCESSOR_DEFINITIONS = (
					"DEBUG=1",
					"$(inherited)",
				);
				GCC_WARN_64_TO_32_BIT_CONVERSION = YES;
				GCC_WARN_ABOUT_RETURN_TYPE = YES_ERROR;
				GCC_WARN_UNDECLARED_SELECTOR = YES;
				GCC_WARN_UNINITIALIZED_AUTOS = YES_AGGRESSIVE;
				GCC_WARN_UNUSED_FUNCTION = YES;
				GCC_WARN_UNUSED_VARIABLE = YES;
				IPHONEOS_DEPLOYMENT_TARGET = 12.2;
				MTL_ENABLE_DEBUG_INFO = INCLUDE_SOURCE;
				MTL_FAST_MATH = YES;
				ONLY_ACTIVE_ARCH = YES;
				SDKROOT = iphoneos;
				SWIFT_ACTIVE_COMPILATION_CONDITIONS = DEBUG;
				SWIFT_OPTIMIZATION_LEVEL = "-Onone";
			};
			name = Debug;
		};
		9094986E22CD971C009D866A /* Release */ = {
			isa = XCBuildConfiguration;
			buildSettings = {
				ALWAYS_SEARCH_USER_PATHS = NO;
				CLANG_ANALYZER_NONNULL = YES;
				CLANG_ANALYZER_NUMBER_OBJECT_CONVERSION = YES_AGGRESSIVE;
				CLANG_CXX_LANGUAGE_STANDARD = "gnu++14";
				CLANG_CXX_LIBRARY = "libc++";
				CLANG_ENABLE_MODULES = YES;
				CLANG_ENABLE_OBJC_ARC = YES;
				CLANG_ENABLE_OBJC_WEAK = YES;
				CLANG_WARN_BLOCK_CAPTURE_AUTORELEASING = YES;
				CLANG_WARN_BOOL_CONVERSION = YES;
				CLANG_WARN_COMMA = YES;
				CLANG_WARN_CONSTANT_CONVERSION = YES;
				CLANG_WARN_DEPRECATED_OBJC_IMPLEMENTATIONS = YES;
				CLANG_WARN_DIRECT_OBJC_ISA_USAGE = YES_ERROR;
				CLANG_WARN_DOCUMENTATION_COMMENTS = YES;
				CLANG_WARN_EMPTY_BODY = YES;
				CLANG_WARN_ENUM_CONVERSION = YES;
				CLANG_WARN_INFINITE_RECURSION = YES;
				CLANG_WARN_INT_CONVERSION = YES;
				CLANG_WARN_NON_LITERAL_NULL_CONVERSION = YES;
				CLANG_WARN_OBJC_IMPLICIT_RETAIN_SELF = YES;
				CLANG_WARN_OBJC_LITERAL_CONVERSION = YES;
				CLANG_WARN_OBJC_ROOT_CLASS = YES_ERROR;
				CLANG_WARN_RANGE_LOOP_ANALYSIS = YES;
				CLANG_WARN_STRICT_PROTOTYPES = YES;
				CLANG_WARN_SUSPICIOUS_MOVE = YES;
				CLANG_WARN_UNGUARDED_AVAILABILITY = YES_AGGRESSIVE;
				CLANG_WARN_UNREACHABLE_CODE = YES;
				CLANG_WARN__DUPLICATE_METHOD_MATCH = YES;
				CODE_SIGN_IDENTITY = "iPhone Developer";
				COPY_PHASE_STRIP = NO;
				DEBUG_INFORMATION_FORMAT = "dwarf-with-dsym";
				ENABLE_NS_ASSERTIONS = NO;
				ENABLE_STRICT_OBJC_MSGSEND = YES;
				GCC_C_LANGUAGE_STANDARD = gnu11;
				GCC_NO_COMMON_BLOCKS = YES;
				GCC_WARN_64_TO_32_BIT_CONVERSION = YES;
				GCC_WARN_ABOUT_RETURN_TYPE = YES_ERROR;
				GCC_WARN_UNDECLARED_SELECTOR = YES;
				GCC_WARN_UNINITIALIZED_AUTOS = YES_AGGRESSIVE;
				GCC_WARN_UNUSED_FUNCTION = YES;
				GCC_WARN_UNUSED_VARIABLE = YES;
				IPHONEOS_DEPLOYMENT_TARGET = 12.2;
				MTL_ENABLE_DEBUG_INFO = NO;
				MTL_FAST_MATH = YES;
				SDKROOT = iphoneos;
				SWIFT_COMPILATION_MODE = wholemodule;
				SWIFT_OPTIMIZATION_LEVEL = "-O";
				VALIDATE_PRODUCT = YES;
			};
			name = Release;
		};
		9094987022CD971C009D866A /* Debug */ = {
			isa = XCBuildConfiguration;
			baseConfigurationReference = 4941969C3FF1D93B0DFACDEA /* Pods-FirebaseDBBasic.debug.xcconfig */;
			buildSettings = {
				ASSETCATALOG_COMPILER_APPICON_NAME = AppIcon;
				CODE_SIGN_STYLE = Automatic;
				INFOPLIST_FILE = FirebaseDBBasic/Info.plist;
				LD_RUNPATH_SEARCH_PATHS = (
					"$(inherited)",
					"@executable_path/Frameworks",
				);
				PRODUCT_BUNDLE_IDENTIFIER = kr.ac.swu.TabbarBasic.soo;
				PRODUCT_NAME = "$(TARGET_NAME)";
				SWIFT_VERSION = 5.0;
				TARGETED_DEVICE_FAMILY = "1,2";
			};
			name = Debug;
		};
		9094987122CD971C009D866A /* Release */ = {
			isa = XCBuildConfiguration;
			baseConfigurationReference = 3BB662DFAE8DC26ACD0327C8 /* Pods-FirebaseDBBasic.release.xcconfig */;
			buildSettings = {
				ASSETCATALOG_COMPILER_APPICON_NAME = AppIcon;
				CODE_SIGN_STYLE = Automatic;
				INFOPLIST_FILE = FirebaseDBBasic/Info.plist;
				LD_RUNPATH_SEARCH_PATHS = (
					"$(inherited)",
					"@executable_path/Frameworks",
				);
				PRODUCT_BUNDLE_IDENTIFIER = kr.ac.swu.TabbarBasic.soo;
				PRODUCT_NAME = "$(TARGET_NAME)";
				SWIFT_VERSION = 5.0;
				TARGETED_DEVICE_FAMILY = "1,2";
			};
			name = Release;
		};
/* End XCBuildConfiguration section */

/* Begin XCConfigurationList section */
		9094985822CD971C009D866A /* Build configuration list for PBXProject "FirebaseDBBasic" */ = {
			isa = XCConfigurationList;
			buildConfigurations = (
				9094986D22CD971C009D866A /* Debug */,
				9094986E22CD971C009D866A /* Release */,
			);
			defaultConfigurationIsVisible = 0;
			defaultConfigurationName = Release;
		};
		9094986F22CD971C009D866A /* Build configuration list for PBXNativeTarget "FirebaseDBBasic" */ = {
			isa = XCConfigurationList;
			buildConfigurations = (
				9094987022CD971C009D866A /* Debug */,
				9094987122CD971C009D866A /* Release */,
			);
			defaultConfigurationIsVisible = 0;
			defaultConfigurationName = Release;
		};
/* End XCConfigurationList section */
	};
	rootObject = 9094985522CD971C009D866A /* Project object */;
}
