// !$*UTF8*$!
{
	archiveVersion = 1;
	classes = {
	};
	objectVersion = 50;
	objects = {

/* Begin PBXBuildFile section */
		908E70D022CAEA79003E2A58 /* SettingTableviewController.swift in Sources */ = {isa = PBXBuildFile; fileRef = 908E70CF22CAEA79003E2A58 /* SettingTableviewController.swift */; };
		909D5CE122C9AA2500E96AF2 /* AppDelegate.swift in Sources */ = {isa = PBXBuildFile; fileRef = 909D5CE022C9AA2500E96AF2 /* AppDelegate.swift */; };
		909D5CE322C9AA2500E96AF2 /* ViewController.swift in Sources */ = {isa = PBXBuildFile; fileRef = 909D5CE222C9AA2500E96AF2 /* ViewController.swift */; };
		909D5CE622C9AA2500E96AF2 /* Main.storyboard in Resources */ = {isa = PBXBuildFile; fileRef = 909D5CE422C9AA2500E96AF2 /* Main.storyboard */; };
		909D5CE822C9AA2500E96AF2 /* Assets.xcassets in Resources */ = {isa = PBXBuildFile; fileRef = 909D5CE722C9AA2500E96AF2 /* Assets.xcassets */; };
		909D5CEB22C9AA2500E96AF2 /* LaunchScreen.storyboard in Resources */ = {isa = PBXBuildFile; fileRef = 909D5CE922C9AA2500E96AF2 /* LaunchScreen.storyboard */; };
/* End PBXBuildFile section */

/* Begin PBXFileReference section */
		908E70CF22CAEA79003E2A58 /* SettingTableviewController.swift */ = {isa = PBXFileReference; lastKnownFileType = sourcecode.swift; path = SettingTableviewController.swift; sourceTree = "<group>"; };
		909D5CDD22C9AA2500E96AF2 /* CalliClock.app */ = {isa = PBXFileReference; explicitFileType = wrapper.application; includeInIndex = 0; path = CalliClock.app; sourceTree = BUILT_PRODUCTS_DIR; };
		909D5CE022C9AA2500E96AF2 /* AppDelegate.swift */ = {isa = PBXFileReference; lastKnownFileType = sourcecode.swift; path = AppDelegate.swift; sourceTree = "<group>"; };
		909D5CE222C9AA2500E96AF2 /* ViewController.swift */ = {isa = PBXFileReference; lastKnownFileType = sourcecode.swift; path = ViewController.swift; sourceTree = "<group>"; };
		909D5CE522C9AA2500E96AF2 /* Base */ = {isa = PBXFileReference; lastKnownFileType = file.storyboard; name = Base; path = Base.lproj/Main.storyboard; sourceTree = "<group>"; };
		909D5CE722C9AA2500E96AF2 /* Assets.xcassets */ = {isa = PBXFileReference; lastKnownFileType = folder.assetcatalog; path = Assets.xcassets; sourceTree = "<group>"; };
		909D5CEA22C9AA2500E96AF2 /* Base */ = {isa = PBXFileReference; lastKnownFileType = file.storyboard; name = Base; path = Base.lproj/LaunchScreen.storyboard; sourceTree = "<group>"; };
		909D5CEC22C9AA2500E96AF2 /* Info.plist */ = {isa = PBXFileReference; lastKnownFileType = text.plist.xml; path = Info.plist; sourceTree = "<group>"; };
/* End PBXFileReference section */

/* Begin PBXFrameworksBuildPhase section */
		909D5CDA22C9AA2500E96AF2 /* Frameworks */ = {
			isa = PBXFrameworksBuildPhase;
			buildActionMask = 2147483647;
			files = (
			);
			runOnlyForDeploymentPostprocessing = 0;
		};
/* End PBXFrameworksBuildPhase section */

/* Begin PBXGroup section */
		909D5CD422C9AA2500E96AF2 = {
			isa = PBXGroup;
			children = (
				909D5CDF22C9AA2500E96AF2 /* CalliClock */,
				909D5CDE22C9AA2500E96AF2 /* Products */,
			);
			sourceTree = "<group>";
		};
		909D5CDE22C9AA2500E96AF2 /* Products */ = {
			isa = PBXGroup;
			children = (
				909D5CDD22C9AA2500E96AF2 /* CalliClock.app */,
			);
			name = Products;
			sourceTree = "<group>";
		};
		909D5CDF22C9AA2500E96AF2 /* CalliClock */ = {
			isa = PBXGroup;
			children = (
				909D5CE022C9AA2500E96AF2 /* AppDelegate.swift */,
				909D5CE222C9AA2500E96AF2 /* ViewController.swift */,
				909D5CE422C9AA2500E96AF2 /* Main.storyboard */,
				909D5CE722C9AA2500E96AF2 /* Assets.xcassets */,
				909D5CE922C9AA2500E96AF2 /* LaunchScreen.storyboard */,
				909D5CEC22C9AA2500E96AF2 /* Info.plist */,
				908E70CF22CAEA79003E2A58 /* SettingTableviewController.swift */,
			);
			path = CalliClock;
			sourceTree = "<group>";
		};
/* End PBXGroup section */

/* Begin PBXNativeTarget section */
		909D5CDC22C9AA2500E96AF2 /* CalliClock */ = {
			isa = PBXNativeTarget;
			buildConfigurationList = 909D5CEF22C9AA2500E96AF2 /* Build configuration list for PBXNativeTarget "CalliClock" */;
			buildPhases = (
				909D5CD922C9AA2500E96AF2 /* Sources */,
				909D5CDA22C9AA2500E96AF2 /* Frameworks */,
				909D5CDB22C9AA2500E96AF2 /* Resources */,
			);
			buildRules = (
			);
			dependencies = (
			);
			name = CalliClock;
			productName = CalliClock;
			productReference = 909D5CDD22C9AA2500E96AF2 /* CalliClock.app */;
			productType = "com.apple.product-type.application";
		};
/* End PBXNativeTarget section */

/* Begin PBXProject section */
		909D5CD522C9AA2500E96AF2 /* Project object */ = {
			isa = PBXProject;
			attributes = {
				LastSwiftUpdateCheck = 1020;
				LastUpgradeCheck = 1020;
				ORGANIZATIONNAME = swuad_11;
				TargetAttributes = {
					909D5CDC22C9AA2500E96AF2 = {
						CreatedOnToolsVersion = 10.2.1;
					};
				};
			};
			buildConfigurationList = 909D5CD822C9AA2500E96AF2 /* Build configuration list for PBXProject "CalliClock" */;
			compatibilityVersion = "Xcode 9.3";
			developmentRegion = en;
			hasScannedForEncodings = 0;
			knownRegions = (
				en,
				Base,
			);
			mainGroup = 909D5CD422C9AA2500E96AF2;
			productRefGroup = 909D5CDE22C9AA2500E96AF2 /* Products */;
			projectDirPath = "";
			projectRoot = "";
			targets = (
				909D5CDC22C9AA2500E96AF2 /* CalliClock */,
			);
		};
/* End PBXProject section */

/* Begin PBXResourcesBuildPhase section */
		909D5CDB22C9AA2500E96AF2 /* Resources */ = {
			isa = PBXResourcesBuildPhase;
			buildActionMask = 2147483647;
			files = (
				909D5CEB22C9AA2500E96AF2 /* LaunchScreen.storyboard in Resources */,
				909D5CE822C9AA2500E96AF2 /* Assets.xcassets in Resources */,
				909D5CE622C9AA2500E96AF2 /* Main.storyboard in Resources */,
			);
			runOnlyForDeploymentPostprocessing = 0;
		};
/* End PBXResourcesBuildPhase section */

/* Begin PBXSourcesBuildPhase section */
		909D5CD922C9AA2500E96AF2 /* Sources */ = {
			isa = PBXSourcesBuildPhase;
			buildActionMask = 2147483647;
			files = (
				909D5CE322C9AA2500E96AF2 /* ViewController.swift in Sources */,
				909D5CE122C9AA2500E96AF2 /* AppDelegate.swift in Sources */,
				908E70D022CAEA79003E2A58 /* SettingTableviewController.swift in Sources */,
			);
			runOnlyForDeploymentPostprocessing = 0;
		};
/* End PBXSourcesBuildPhase section */

/* Begin PBXVariantGroup section */
		909D5CE422C9AA2500E96AF2 /* Main.storyboard */ = {
			isa = PBXVariantGroup;
			children = (
				909D5CE522C9AA2500E96AF2 /* Base */,
			);
			name = Main.storyboard;
			sourceTree = "<group>";
		};
		909D5CE922C9AA2500E96AF2 /* LaunchScreen.storyboard */ = {
			isa = PBXVariantGroup;
			children = (
				909D5CEA22C9AA2500E96AF2 /* Base */,
			);
			name = LaunchScreen.storyboard;
			sourceTree = "<group>";
		};
/* End PBXVariantGroup section */

/* Begin XCBuildConfiguration section */
		909D5CED22C9AA2500E96AF2 /* Debug */ = {
			isa = XCBuildConfiguration;
			buildSettings = {
				ALWAYS_SEARCH_USER_PATHS = NO;
				CLANG_ANALYZER_NONNULL = YES;
				CLANG_ANALYZER_NUMBER_OBJECT_CONVERSION = YES_AGGRESSIVE;
				CLANG_CXX_LANGUAGE_STANDARD = "gnu++14";
				CLANG_CXX_LIBRARY = "libc++";
				CLANG_ENABLE_MODULES = YES;
				CLANG_ENABLE_OBJC_ARC = YES;
				CLANG_ENABLE_OBJC_WEAK = YES;
				CLANG_WARN_BLOCK_CAPTURE_AUTORELEASING = YES;
				CLANG_WARN_BOOL_CONVERSION = YES;
				CLANG_WARN_COMMA = YES;
				CLANG_WARN_CONSTANT_CONVERSION = YES;
				CLANG_WARN_DEPRECATED_OBJC_IMPLEMENTATIONS = YES;
				CLANG_WARN_DIRECT_OBJC_ISA_USAGE = YES_ERROR;
				CLANG_WARN_DOCUMENTATION_COMMENTS = YES;
				CLANG_WARN_EMPTY_BODY = YES;
				CLANG_WARN_ENUM_CONVERSION = YES;
				CLANG_WARN_INFINITE_RECURSION = YES;
				CLANG_WARN_INT_CONVERSION = YES;
				CLANG_WARN_NON_LITERAL_NULL_CONVERSION = YES;
				CLANG_WARN_OBJC_IMPLICIT_RETAIN_SELF = YES;
				CLANG_WARN_OBJC_LITERAL_CONVERSION = YES;
				CLANG_WARN_OBJC_ROOT_CLASS = YES_ERROR;
				CLANG_WARN_RANGE_LOOP_ANALYSIS = YES;
				CLANG_WARN_STRICT_PROTOTYPES = YES;
				CLANG_WARN_SUSPICIOUS_MOVE = YES;
				CLANG_WARN_UNGUARDED_AVAILABILITY = YES_AGGRESSIVE;
				CLANG_WARN_UNREACHABLE_CODE = YES;
				CLANG_WARN__DUPLICATE_METHOD_MATCH = YES;
				CODE_SIGN_IDENTITY = "iPhone Developer";
				COPY_PHASE_STRIP = NO;
				DEBUG_INFORMATION_FORMAT = dwarf;
				ENABLE_STRICT_OBJC_MSGSEND = YES;
				ENABLE_TESTABILITY = YES;
				GCC_C_LANGUAGE_STANDARD = gnu11;
				GCC_DYNAMIC_NO_PIC = NO;
				GCC_NO_COMMON_BLOCKS = YES;
				GCC_OPTIMIZATION_LEVEL = 0;
				GCC_PREPROCESSOR_DEFINITIONS = (
					"DEBUG=1",
					"$(inherited)",
				);
				GCC_WARN_64_TO_32_BIT_CONVERSION = YES;
				GCC_WARN_ABOUT_RETURN_TYPE = YES_ERROR;
				GCC_WARN_UNDECLARED_SELECTOR = YES;
				GCC_WARN_UNINITIALIZED_AUTOS = YES_AGGRESSIVE;
				GCC_WARN_UNUSED_FUNCTION = YES;
				GCC_WARN_UNUSED_VARIABLE = YES;
				IPHONEOS_DEPLOYMENT_TARGET = 12.2;
				MTL_ENABLE_DEBUG_INFO = INCLUDE_SOURCE;
				MTL_FAST_MATH = YES;
				ONLY_ACTIVE_ARCH = YES;
				SDKROOT = iphoneos;
				SWIFT_ACTIVE_COMPILATION_CONDITIONS = DEBUG;
				SWIFT_OPTIMIZATION_LEVEL = "-Onone";
			};
			name = Debug;
		};
		909D5CEE22C9AA2500E96AF2 /* Release */ = {
			isa = XCBuildConfiguration;
			buildSettings = {
				ALWAYS_SEARCH_USER_PATHS = NO;
				CLANG_ANALYZER_NONNULL = YES;
				CLANG_ANALYZER_NUMBER_OBJECT_CONVERSION = YES_AGGRESSIVE;
				CLANG_CXX_LANGUAGE_STANDARD = "gnu++14";
				CLANG_CXX_LIBRARY = "libc++";
				CLANG_ENABLE_MODULES = YES;
				CLANG_ENABLE_OBJC_ARC = YES;
				CLANG_ENABLE_OBJC_WEAK = YES;
				CLANG_WARN_BLOCK_CAPTURE_AUTORELEASING = YES;
				CLANG_WARN_BOOL_CONVERSION = YES;
				CLANG_WARN_COMMA = YES;
				CLANG_WARN_CONSTANT_CONVERSION = YES;
				CLANG_WARN_DEPRECATED_OBJC_IMPLEMENTATIONS = YES;
				CLANG_WARN_DIRECT_OBJC_ISA_USAGE = YES_ERROR;
				CLANG_WARN_DOCUMENTATION_COMMENTS = YES;
				CLANG_WARN_EMPTY_BODY = YES;
				CLANG_WARN_ENUM_CONVERSION = YES;
				CLANG_WARN_INFINITE_RECURSION = YES;
				CLANG_WARN_INT_CONVERSION = YES;
				CLANG_WARN_NON_LITERAL_NULL_CONVERSION = YES;
				CLANG_WARN_OBJC_IMPLICIT_RETAIN_SELF = YES;
				CLANG_WARN_OBJC_LITERAL_CONVERSION = YES;
				CLANG_WARN_OBJC_ROOT_CLASS = YES_ERROR;
				CLANG_WARN_RANGE_LOOP_ANALYSIS = YES;
				CLANG_WARN_STRICT_PROTOTYPES = YES;
				CLANG_WARN_SUSPICIOUS_MOVE = YES;
				CLANG_WARN_UNGUARDED_AVAILABILITY = YES_AGGRESSIVE;
				CLANG_WARN_UNREACHABLE_CODE = YES;
				CLANG_WARN__DUPLICATE_METHOD_MATCH = YES;
				CODE_SIGN_IDENTITY = "iPhone Developer";
				COPY_PHASE_STRIP = NO;
				DEBUG_INFORMATION_FORMAT = "dwarf-with-dsym";
				ENABLE_NS_ASSERTIONS = NO;
				ENABLE_STRICT_OBJC_MSGSEND = YES;
				GCC_C_LANGUAGE_STANDARD = gnu11;
				GCC_NO_COMMON_BLOCKS = YES;
				GCC_WARN_64_TO_32_BIT_CONVERSION = YES;
				GCC_WARN_ABOUT_RETURN_TYPE = YES_ERROR;
				GCC_WARN_UNDECLARED_SELECTOR = YES;
				GCC_WARN_UNINITIALIZED_AUTOS = YES_AGGRESSIVE;
				GCC_WARN_UNUSED_FUNCTION = YES;
				GCC_WARN_UNUSED_VARIABLE = YES;
				IPHONEOS_DEPLOYMENT_TARGET = 12.2;
				MTL_ENABLE_DEBUG_INFO = NO;
				MTL_FAST_MATH = YES;
				SDKROOT = iphoneos;
				SWIFT_COMPILATION_MODE = wholemodule;
				SWIFT_OPTIMIZATION_LEVEL = "-O";
				VALIDATE_PRODUCT = YES;
			};
			name = Release;
		};
		909D5CF022C9AA2500E96AF2 /* Debug */ = {
			isa = XCBuildConfiguration;
			buildSettings = {
				ASSETCATALOG_COMPILER_APPICON_NAME = AppIcon;
				CODE_SIGN_STYLE = Automatic;
				INFOPLIST_FILE = CalliClock/Info.plist;
				LD_RUNPATH_SEARCH_PATHS = (
					"$(inherited)",
					"@executable_path/Frameworks",
				);
				PRODUCT_BUNDLE_IDENTIFIER = kr.ac.swu.CalliClock;
				PRODUCT_NAME = "$(TARGET_NAME)";
				SWIFT_VERSION = 5.0;
				TARGETED_DEVICE_FAMILY = "1,2";
			};
			name = Debug;
		};
		909D5CF122C9AA2500E96AF2 /* Release */ = {
			isa = XCBuildConfiguration;
			buildSettings = {
				ASSETCATALOG_COMPILER_APPICON_NAME = AppIcon;
				CODE_SIGN_STYLE = Automatic;
				INFOPLIST_FILE = CalliClock/Info.plist;
				LD_RUNPATH_SEARCH_PATHS = (
					"$(inherited)",
					"@executable_path/Frameworks",
				);
				PRODUCT_BUNDLE_IDENTIFIER = kr.ac.swu.CalliClock;
				PRODUCT_NAME = "$(TARGET_NAME)";
				SWIFT_VERSION = 5.0;
				TARGETED_DEVICE_FAMILY = "1,2";
			};
			name = Release;
		};
/* End XCBuildConfiguration section */

/* Begin XCConfigurationList section */
		909D5CD822C9AA2500E96AF2 /* Build configuration list for PBXProject "CalliClock" */ = {
			isa = XCConfigurationList;
			buildConfigurations = (
				909D5CED22C9AA2500E96AF2 /* Debug */,
				909D5CEE22C9AA2500E96AF2 /* Release */,
			);
			defaultConfigurationIsVisible = 0;
			defaultConfigurationName = Release;
		};
		909D5CEF22C9AA2500E96AF2 /* Build configuration list for PBXNativeTarget "CalliClock" */ = {
			isa = XCConfigurationList;
			buildConfigurations = (
				909D5CF022C9AA2500E96AF2 /* Debug */,
				909D5CF122C9AA2500E96AF2 /* Release */,
			);
			defaultConfigurationIsVisible = 0;
			defaultConfigurationName = Release;
		};
/* End XCConfigurationList section */
	};
	rootObject = 909D5CD522C9AA2500E96AF2 /* Project object */;
}
